// !$*UTF8*$!
{
	archiveVersion = 1;
	classes = {
	};
	objectVersion = 46;
	objects = {

/* Begin PBXGroup section */
		821C4F9F1D93A49000CBB116 = {
			isa = PBXGroup;
			children = (
			);
			sourceTree = "<group>";
		};
/* End PBXGroup section */

/* Begin PBXProject section */
		821C4FA01D93A49000CBB116 /* Project object */ = {
			isa = PBXProject;
			attributes = {
				LastUpgradeCheck = 0800;
			};
			buildConfigurationList = 821C4FA31D93A49000CBB116 /* Build configuration list for PBXProject "MLGoogleIcon" */;
			compatibilityVersion = "Xcode 3.2";
			developmentRegion = English;
			hasScannedForEncodings = 0;
			knownRegions = (
				en,
			);
			mainGroup = 821C4F9F1D93A49000CBB116;
			projectDirPath = "";
			projectRoot = "";
			targets = (
			);
		};
/* End PBXProject section */

/* Begin XCBuildConfiguration section */
		821C4FA41D93A49000CBB116 /* Debug */ = {
			isa = XCBuildConfiguration;
			buildSettings = {
			};
			name = Debug;
		};
		821C4FA51D93A49000CBB116 /* Release */ = {
			isa = XCBuildConfiguration;
			buildSettings = {
			};
			name = Release;
		};
/* End XCBuildConfiguration section */

/* Begin XCConfigurationList section */
		821C4FA31D93A49000CBB116 /* Build configuration list for PBXProject "MLGoogleIcon" */ = {
			isa = XCConfigurationList;
			buildConfigurations = (
				821C4FA41D93A49000CBB116 /* Debug */,
				821C4FA51D93A49000CBB116 /* Release */,
			);
			defaultConfigurationIsVisible = 0;
			defaultConfigurationName = Release;
		};
/* End XCConfigurationList section */
	};
	rootObject = 821C4FA01D93A49000CBB116 /* Project object */;
}
